
Microsoft Visual Studio Solution File, Format Version 12.00
# Visual Studio Version 17
VisualStudioVersion = 17.11.35327.3
MinimumVisualStudioVersion = 10.0.40219.1
Project("{9A19103F-16F7-4668-BE54-9A1E7A4F7556}") = "aspnetloginNrTwo", "aspnetloginNrTwo\aspnetloginNrTwo.csproj", "{0FBFAB41-BFD9-4158-B2A6-C9E1C4B35CB2}"
EndProject
Project("{FAE04EC0-301F-11D3-BF4B-00C04F79EFBC}") = "UnitTests", "UnitTests\UnitTests.csproj", "{371200BF-D107-4AAD-BEB8-F8D27BDB55BB}"
EndProject
Global
	GlobalSection(SolutionConfigurationPlatforms) = preSolution
		Debug|Any CPU = Debug|Any CPU
		Release|Any CPU = Release|Any CPU
	EndGlobalSection
	GlobalSection(ProjectConfigurationPlatforms) = postSolution
		{0FBFAB41-BFD9-4158-B2A6-C9E1C4B35CB2}.Debug|Any CPU.ActiveCfg = Debug|Any CPU
		{0FBFAB41-BFD9-4158-B2A6-C9E1C4B35CB2}.Debug|Any CPU.Build.0 = Debug|Any CPU
		{0FBFAB41-BFD9-4158-B2A6-C9E1C4B35CB2}.Release|Any CPU.ActiveCfg = Release|Any CPU
		{0FBFAB41-BFD9-4158-B2A6-C9E1C4B35CB2}.Release|Any CPU.Build.0 = Release|Any CPU
		{371200BF-D107-4AAD-BEB8-F8D27BDB55BB}.Debug|Any CPU.ActiveCfg = Debug|Any CPU
		{371200BF-D107-4AAD-BEB8-F8D27BDB55BB}.Debug|Any CPU.Build.0 = Debug|Any CPU
		{371200BF-D107-4AAD-BEB8-F8D27BDB55BB}.Release|Any CPU.ActiveCfg = Release|Any CPU
		{371200BF-D107-4AAD-BEB8-F8D27BDB55BB}.Release|Any CPU.Build.0 = Release|Any CPU
	EndGlobalSection
	GlobalSection(SolutionProperties) = preSolution
		HideSolutionNode = FALSE
	EndGlobalSection
	GlobalSection(ExtensibilityGlobals) = postSolution
		SolutionGuid = {54CDC084-5AC3-4F9F-A670-8BD06DE5BD56}
	EndGlobalSection
EndGlobal
